// !$*UTF8*$!
{
	archiveVersion = 1;
	classes = {
	};
	objectVersion = 50;
	objects = {

/* Begin PBXBuildFile section */
		7E30857823EC4EEA00F1BCE4 /* AppDelegate.swift in Sources */ = {isa = PBXBuildFile; fileRef = 7E30857723EC4EEA00F1BCE4 /* AppDelegate.swift */; };
		7E30857A23EC4EEA00F1BCE4 /* SceneDelegate.swift in Sources */ = {isa = PBXBuildFile; fileRef = 7E30857923EC4EEA00F1BCE4 /* SceneDelegate.swift */; };
		7E30857C23EC4EEA00F1BCE4 /* ViewController.swift in Sources */ = {isa = PBXBuildFile; fileRef = 7E30857B23EC4EEA00F1BCE4 /* ViewController.swift */; };
		7E30857F23EC4EEA00F1BCE4 /* Main.storyboard in Resources */ = {isa = PBXBuildFile; fileRef = 7E30857D23EC4EEA00F1BCE4 /* Main.storyboard */; };
		7E30858123EC4EEC00F1BCE4 /* Assets.xcassets in Resources */ = {isa = PBXBuildFile; fileRef = 7E30858023EC4EEC00F1BCE4 /* Assets.xcassets */; };
		7E30858423EC4EEC00F1BCE4 /* LaunchScreen.storyboard in Resources */ = {isa = PBXBuildFile; fileRef = 7E30858223EC4EEC00F1BCE4 /* LaunchScreen.storyboard */; };
		7E30858F23EC4EEC00F1BCE4 /* MAD_Periodic_TableTests.swift in Sources */ = {isa = PBXBuildFile; fileRef = 7E30858E23EC4EEC00F1BCE4 /* MAD_Periodic_TableTests.swift */; };
		7E30859A23EC4EEC00F1BCE4 /* MAD_Periodic_TableUITests.swift in Sources */ = {isa = PBXBuildFile; fileRef = 7E30859923EC4EEC00F1BCE4 /* MAD_Periodic_TableUITests.swift */; };
		7E910EFC23FEC84C00CD2FF4 /* DiscoveryElements61_90.swift in Sources */ = {isa = PBXBuildFile; fileRef = 7E910EF723FEC84C00CD2FF4 /* DiscoveryElements61_90.swift */; };
		7E910EFD23FEC84C00CD2FF4 /* DiscoveryElements91_118.swift in Sources */ = {isa = PBXBuildFile; fileRef = 7E910EF823FEC84C00CD2FF4 /* DiscoveryElements91_118.swift */; };
		7E910EFE23FEC84C00CD2FF4 /* DiscoveryElements31_60.swift in Sources */ = {isa = PBXBuildFile; fileRef = 7E910EF923FEC84C00CD2FF4 /* DiscoveryElements31_60.swift */; };
		7E910EFF23FEC84C00CD2FF4 /* Element.swift in Sources */ = {isa = PBXBuildFile; fileRef = 7E910EFA23FEC84C00CD2FF4 /* Element.swift */; };
		7E910F0023FEC84C00CD2FF4 /* DiscoveryElements1_30.swift in Sources */ = {isa = PBXBuildFile; fileRef = 7E910EFB23FEC84C00CD2FF4 /* DiscoveryElements1_30.swift */; };
/* End PBXBuildFile section */

/* Begin PBXContainerItemProxy section */
		7E30858B23EC4EEC00F1BCE4 /* PBXContainerItemProxy */ = {
			isa = PBXContainerItemProxy;
			containerPortal = 7E30856C23EC4EEA00F1BCE4 /* Project object */;
			proxyType = 1;
			remoteGlobalIDString = 7E30857323EC4EEA00F1BCE4;
			remoteInfo = "MAD Periodic Table";
		};
		7E30859623EC4EEC00F1BCE4 /* PBXContainerItemProxy */ = {
			isa = PBXContainerItemProxy;
			containerPortal = 7E30856C23EC4EEA00F1BCE4 /* Project object */;
			proxyType = 1;
			remoteGlobalIDString = 7E30857323EC4EEA00F1BCE4;
			remoteInfo = "MAD Periodic Table";
		};
/* End PBXContainerItemProxy section */

/* Begin PBXFileReference section */
		7E30857423EC4EEA00F1BCE4 /* MAD Periodic Table.app */ = {isa = PBXFileReference; explicitFileType = wrapper.application; includeInIndex = 0; path = "MAD Periodic Table.app"; sourceTree = BUILT_PRODUCTS_DIR; };
		7E30857723EC4EEA00F1BCE4 /* AppDelegate.swift */ = {isa = PBXFileReference; lastKnownFileType = sourcecode.swift; path = AppDelegate.swift; sourceTree = "<group>"; };
		7E30857923EC4EEA00F1BCE4 /* SceneDelegate.swift */ = {isa = PBXFileReference; lastKnownFileType = sourcecode.swift; path = SceneDelegate.swift; sourceTree = "<group>"; };
		7E30857B23EC4EEA00F1BCE4 /* ViewController.swift */ = {isa = PBXFileReference; lastKnownFileType = sourcecode.swift; path = ViewController.swift; sourceTree = "<group>"; };
		7E30857E23EC4EEA00F1BCE4 /* Base */ = {isa = PBXFileReference; lastKnownFileType = file.storyboard; name = Base; path = Base.lproj/Main.storyboard; sourceTree = "<group>"; };
		7E30858023EC4EEC00F1BCE4 /* Assets.xcassets */ = {isa = PBXFileReference; lastKnownFileType = folder.assetcatalog; path = Assets.xcassets; sourceTree = "<group>"; };
		7E30858323EC4EEC00F1BCE4 /* Base */ = {isa = PBXFileReference; lastKnownFileType = file.storyboard; name = Base; path = Base.lproj/LaunchScreen.storyboard; sourceTree = "<group>"; };
		7E30858523EC4EEC00F1BCE4 /* Info.plist */ = {isa = PBXFileReference; lastKnownFileType = text.plist.xml; path = Info.plist; sourceTree = "<group>"; };
		7E30858A23EC4EEC00F1BCE4 /* MAD Periodic TableTests.xctest */ = {isa = PBXFileReference; explicitFileType = wrapper.cfbundle; includeInIndex = 0; path = "MAD Periodic TableTests.xctest"; sourceTree = BUILT_PRODUCTS_DIR; };
		7E30858E23EC4EEC00F1BCE4 /* MAD_Periodic_TableTests.swift */ = {isa = PBXFileReference; lastKnownFileType = sourcecode.swift; path = MAD_Periodic_TableTests.swift; sourceTree = "<group>"; };
		7E30859023EC4EEC00F1BCE4 /* Info.plist */ = {isa = PBXFileReference; lastKnownFileType = text.plist.xml; path = Info.plist; sourceTree = "<group>"; };
		7E30859523EC4EEC00F1BCE4 /* MAD Periodic TableUITests.xctest */ = {isa = PBXFileReference; explicitFileType = wrapper.cfbundle; includeInIndex = 0; path = "MAD Periodic TableUITests.xctest"; sourceTree = BUILT_PRODUCTS_DIR; };
		7E30859923EC4EEC00F1BCE4 /* MAD_Periodic_TableUITests.swift */ = {isa = PBXFileReference; lastKnownFileType = sourcecode.swift; path = MAD_Periodic_TableUITests.swift; sourceTree = "<group>"; };
		7E30859B23EC4EEC00F1BCE4 /* Info.plist */ = {isa = PBXFileReference; lastKnownFileType = text.plist.xml; path = Info.plist; sourceTree = "<group>"; };
		7E910EF723FEC84C00CD2FF4 /* DiscoveryElements61_90.swift */ = {isa = PBXFileReference; fileEncoding = 4; lastKnownFileType = sourcecode.swift; name = DiscoveryElements61_90.swift; path = "../../../Desktop/Xcode Projects/MAD Periodic Table/Data/DiscoveryElements61_90.swift"; sourceTree = "<group>"; };
		7E910EF823FEC84C00CD2FF4 /* DiscoveryElements91_118.swift */ = {isa = PBXFileReference; fileEncoding = 4; lastKnownFileType = sourcecode.swift; name = DiscoveryElements91_118.swift; path = "../../../Desktop/Xcode Projects/MAD Periodic Table/Data/DiscoveryElements91_118.swift"; sourceTree = "<group>"; };
		7E910EF923FEC84C00CD2FF4 /* DiscoveryElements31_60.swift */ = {isa = PBXFileReference; fileEncoding = 4; lastKnownFileType = sourcecode.swift; name = DiscoveryElements31_60.swift; path = "../../../Desktop/Xcode Projects/MAD Periodic Table/Data/DiscoveryElements31_60.swift"; sourceTree = "<group>"; };
		7E910EFA23FEC84C00CD2FF4 /* Element.swift */ = {isa = PBXFileReference; fileEncoding = 4; lastKnownFileType = sourcecode.swift; name = Element.swift; path = "../../../Desktop/Xcode Projects/MAD Periodic Table/Data/Element.swift"; sourceTree = "<group>"; };
		7E910EFB23FEC84C00CD2FF4 /* DiscoveryElements1_30.swift */ = {isa = PBXFileReference; fileEncoding = 4; lastKnownFileType = sourcecode.swift; name = DiscoveryElements1_30.swift; path = "../../../Desktop/Xcode Projects/MAD Periodic Table/Data/DiscoveryElements1_30.swift"; sourceTree = "<group>"; };
/* End PBXFileReference section */

/* Begin PBXFrameworksBuildPhase section */
		7E30857123EC4EEA00F1BCE4 /* Frameworks */ = {
			isa = PBXFrameworksBuildPhase;
			buildActionMask = 2147483647;
			files = (
			);
			runOnlyForDeploymentPostprocessing = 0;
		};
		7E30858723EC4EEC00F1BCE4 /* Frameworks */ = {
			isa = PBXFrameworksBuildPhase;
			buildActionMask = 2147483647;
			files = (
			);
			runOnlyForDeploymentPostprocessing = 0;
		};
		7E30859223EC4EEC00F1BCE4 /* Frameworks */ = {
			isa = PBXFrameworksBuildPhase;
			buildActionMask = 2147483647;
			files = (
			);
			runOnlyForDeploymentPostprocessing = 0;
		};
/* End PBXFrameworksBuildPhase section */

/* Begin PBXGroup section */
		7E30856B23EC4EEA00F1BCE4 = {
			isa = PBXGroup;
			children = (
				7E910EF623FEC80C00CD2FF4 /* Data */,
				7E30857623EC4EEA00F1BCE4 /* MAD Periodic Table */,
				7E30858D23EC4EEC00F1BCE4 /* MAD Periodic TableTests */,
				7E30859823EC4EEC00F1BCE4 /* MAD Periodic TableUITests */,
				7E30857523EC4EEA00F1BCE4 /* Products */,
			);
			sourceTree = "<group>";
		};
		7E30857523EC4EEA00F1BCE4 /* Products */ = {
			isa = PBXGroup;
			children = (
				7E30857423EC4EEA00F1BCE4 /* MAD Periodic Table.app */,
				7E30858A23EC4EEC00F1BCE4 /* MAD Periodic TableTests.xctest */,
				7E30859523EC4EEC00F1BCE4 /* MAD Periodic TableUITests.xctest */,
			);
			name = Products;
			sourceTree = "<group>";
		};
		7E30857623EC4EEA00F1BCE4 /* MAD Periodic Table */ = {
			isa = PBXGroup;
			children = (
				7E30857723EC4EEA00F1BCE4 /* AppDelegate.swift */,
				7E30857923EC4EEA00F1BCE4 /* SceneDelegate.swift */,
				7E30857B23EC4EEA00F1BCE4 /* ViewController.swift */,
				7E30857D23EC4EEA00F1BCE4 /* Main.storyboard */,
				7E30858023EC4EEC00F1BCE4 /* Assets.xcassets */,
				7E30858223EC4EEC00F1BCE4 /* LaunchScreen.storyboard */,
				7E30858523EC4EEC00F1BCE4 /* Info.plist */,
			);
			path = "MAD Periodic Table";
			sourceTree = "<group>";
		};
		7E30858D23EC4EEC00F1BCE4 /* MAD Periodic TableTests */ = {
			isa = PBXGroup;
			children = (
				7E30858E23EC4EEC00F1BCE4 /* MAD_Periodic_TableTests.swift */,
				7E30859023EC4EEC00F1BCE4 /* Info.plist */,
			);
			path = "MAD Periodic TableTests";
			sourceTree = "<group>";
		};
		7E30859823EC4EEC00F1BCE4 /* MAD Periodic TableUITests */ = {
			isa = PBXGroup;
			children = (
				7E30859923EC4EEC00F1BCE4 /* MAD_Periodic_TableUITests.swift */,
				7E30859B23EC4EEC00F1BCE4 /* Info.plist */,
			);
			path = "MAD Periodic TableUITests";
			sourceTree = "<group>";
		};
		7E910EF623FEC80C00CD2FF4 /* Data */ = {
			isa = PBXGroup;
			children = (
				7E910EFB23FEC84C00CD2FF4 /* DiscoveryElements1_30.swift */,
				7E910EF923FEC84C00CD2FF4 /* DiscoveryElements31_60.swift */,
				7E910EF723FEC84C00CD2FF4 /* DiscoveryElements61_90.swift */,
				7E910EF823FEC84C00CD2FF4 /* DiscoveryElements91_118.swift */,
				7E910EFA23FEC84C00CD2FF4 /* Element.swift */,
			);
			path = Data;
			sourceTree = "<group>";
		};
/* End PBXGroup section */

/* Begin PBXNativeTarget section */
		7E30857323EC4EEA00F1BCE4 /* MAD Periodic Table */ = {
			isa = PBXNativeTarget;
			buildConfigurationList = 7E30859E23EC4EEC00F1BCE4 /* Build configuration list for PBXNativeTarget "MAD Periodic Table" */;
			buildPhases = (
				7E30857023EC4EEA00F1BCE4 /* Sources */,
				7E30857123EC4EEA00F1BCE4 /* Frameworks */,
				7E30857223EC4EEA00F1BCE4 /* Resources */,
			);
			buildRules = (
			);
			dependencies = (
			);
			name = "MAD Periodic Table";
			productName = "MAD Periodic Table";
			productReference = 7E30857423EC4EEA00F1BCE4 /* MAD Periodic Table.app */;
			productType = "com.apple.product-type.application";
		};
		7E30858923EC4EEC00F1BCE4 /* MAD Periodic TableTests */ = {
			isa = PBXNativeTarget;
			buildConfigurationList = 7E3085A123EC4EEC00F1BCE4 /* Build configuration list for PBXNativeTarget "MAD Periodic TableTests" */;
			buildPhases = (
				7E30858623EC4EEC00F1BCE4 /* Sources */,
				7E30858723EC4EEC00F1BCE4 /* Frameworks */,
				7E30858823EC4EEC00F1BCE4 /* Resources */,
			);
			buildRules = (
			);
			dependencies = (
				7E30858C23EC4EEC00F1BCE4 /* PBXTargetDependency */,
			);
			name = "MAD Periodic TableTests";
			productName = "MAD Periodic TableTests";
			productReference = 7E30858A23EC4EEC00F1BCE4 /* MAD Periodic TableTests.xctest */;
			productType = "com.apple.product-type.bundle.unit-test";
		};
		7E30859423EC4EEC00F1BCE4 /* MAD Periodic TableUITests */ = {
			isa = PBXNativeTarget;
			buildConfigurationList = 7E3085A423EC4EEC00F1BCE4 /* Build configuration list for PBXNativeTarget "MAD Periodic TableUITests" */;
			buildPhases = (
				7E30859123EC4EEC00F1BCE4 /* Sources */,
				7E30859223EC4EEC00F1BCE4 /* Frameworks */,
				7E30859323EC4EEC00F1BCE4 /* Resources */,
			);
			buildRules = (
			);
			dependencies = (
				7E30859723EC4EEC00F1BCE4 /* PBXTargetDependency */,
			);
			name = "MAD Periodic TableUITests";
			productName = "MAD Periodic TableUITests";
			productReference = 7E30859523EC4EEC00F1BCE4 /* MAD Periodic TableUITests.xctest */;
			productType = "com.apple.product-type.bundle.ui-testing";
		};
/* End PBXNativeTarget section */

/* Begin PBXProject section */
		7E30856C23EC4EEA00F1BCE4 /* Project object */ = {
			isa = PBXProject;
			attributes = {
				LastSwiftUpdateCheck = 1130;
				LastUpgradeCheck = 1130;
				ORGANIZATIONNAME = district196.org;
				TargetAttributes = {
					7E30857323EC4EEA00F1BCE4 = {
						CreatedOnToolsVersion = 11.3;
					};
					7E30858923EC4EEC00F1BCE4 = {
						CreatedOnToolsVersion = 11.3;
						TestTargetID = 7E30857323EC4EEA00F1BCE4;
					};
					7E30859423EC4EEC00F1BCE4 = {
						CreatedOnToolsVersion = 11.3;
						TestTargetID = 7E30857323EC4EEA00F1BCE4;
					};
				};
			};
			buildConfigurationList = 7E30856F23EC4EEA00F1BCE4 /* Build configuration list for PBXProject "MAD Periodic Table" */;
			compatibilityVersion = "Xcode 9.3";
			developmentRegion = en;
			hasScannedForEncodings = 0;
			knownRegions = (
				en,
				Base,
			);
			mainGroup = 7E30856B23EC4EEA00F1BCE4;
			productRefGroup = 7E30857523EC4EEA00F1BCE4 /* Products */;
			projectDirPath = "";
			projectRoot = "";
			targets = (
				7E30857323EC4EEA00F1BCE4 /* MAD Periodic Table */,
				7E30858923EC4EEC00F1BCE4 /* MAD Periodic TableTests */,
				7E30859423EC4EEC00F1BCE4 /* MAD Periodic TableUITests */,
			);
		};
/* End PBXProject section */

/* Begin PBXResourcesBuildPhase section */
		7E30857223EC4EEA00F1BCE4 /* Resources */ = {
			isa = PBXResourcesBuildPhase;
			buildActionMask = 2147483647;
			files = (
				7E30858423EC4EEC00F1BCE4 /* LaunchScreen.storyboard in Resources */,
				7E30858123EC4EEC00F1BCE4 /* Assets.xcassets in Resources */,
				7E30857F23EC4EEA00F1BCE4 /* Main.storyboard in Resources */,
			);
			runOnlyForDeploymentPostprocessing = 0;
		};
		7E30858823EC4EEC00F1BCE4 /* Resources */ = {
			isa = PBXResourcesBuildPhase;
			buildActionMask = 2147483647;
			files = (
			);
			runOnlyForDeploymentPostprocessing = 0;
		};
		7E30859323EC4EEC00F1BCE4 /* Resources */ = {
			isa = PBXResourcesBuildPhase;
			buildActionMask = 2147483647;
			files = (
			);
			runOnlyForDeploymentPostprocessing = 0;
		};
/* End PBXResourcesBuildPhase section */

/* Begin PBXSourcesBuildPhase section */
		7E30857023EC4EEA00F1BCE4 /* Sources */ = {
			isa = PBXSourcesBuildPhase;
			buildActionMask = 2147483647;
			files = (
				7E30857C23EC4EEA00F1BCE4 /* ViewController.swift in Sources */,
				7E30857823EC4EEA00F1BCE4 /* AppDelegate.swift in Sources */,
				7E30857A23EC4EEA00F1BCE4 /* SceneDelegate.swift in Sources */,
				7E910EFE23FEC84C00CD2FF4 /* DiscoveryElements31_60.swift in Sources */,
				7E910EFC23FEC84C00CD2FF4 /* DiscoveryElements61_90.swift in Sources */,
				7E910EFF23FEC84C00CD2FF4 /* Element.swift in Sources */,
				7E910F0023FEC84C00CD2FF4 /* DiscoveryElements1_30.swift in Sources */,
				7E910EFD23FEC84C00CD2FF4 /* DiscoveryElements91_118.swift in Sources */,
			);
			runOnlyForDeploymentPostprocessing = 0;
		};
		7E30858623EC4EEC00F1BCE4 /* Sources */ = {
			isa = PBXSourcesBuildPhase;
			buildActionMask = 2147483647;
			files = (
				7E30858F23EC4EEC00F1BCE4 /* MAD_Periodic_TableTests.swift in Sources */,
			);
			runOnlyForDeploymentPostprocessing = 0;
		};
		7E30859123EC4EEC00F1BCE4 /* Sources */ = {
			isa = PBXSourcesBuildPhase;
			buildActionMask = 2147483647;
			files = (
				7E30859A23EC4EEC00F1BCE4 /* MAD_Periodic_TableUITests.swift in Sources */,
			);
			runOnlyForDeploymentPostprocessing = 0;
		};
/* End PBXSourcesBuildPhase section */

/* Begin PBXTargetDependency section */
		7E30858C23EC4EEC00F1BCE4 /* PBXTargetDependency */ = {
			isa = PBXTargetDependency;
			target = 7E30857323EC4EEA00F1BCE4 /* MAD Periodic Table */;
			targetProxy = 7E30858B23EC4EEC00F1BCE4 /* PBXContainerItemProxy */;
		};
		7E30859723EC4EEC00F1BCE4 /* PBXTargetDependency */ = {
			isa = PBXTargetDependency;
			target = 7E30857323EC4EEA00F1BCE4 /* MAD Periodic Table */;
			targetProxy = 7E30859623EC4EEC00F1BCE4 /* PBXContainerItemProxy */;
		};
/* End PBXTargetDependency section */

/* Begin PBXVariantGroup section */
		7E30857D23EC4EEA00F1BCE4 /* Main.storyboard */ = {
			isa = PBXVariantGroup;
			children = (
				7E30857E23EC4EEA00F1BCE4 /* Base */,
			);
			name = Main.storyboard;
			sourceTree = "<group>";
		};
		7E30858223EC4EEC00F1BCE4 /* LaunchScreen.storyboard */ = {
			isa = PBXVariantGroup;
			children = (
				7E30858323EC4EEC00F1BCE4 /* Base */,
			);
			name = LaunchScreen.storyboard;
			sourceTree = "<group>";
		};
/* End PBXVariantGroup section */

/* Begin XCBuildConfiguration section */
		7E30859C23EC4EEC00F1BCE4 /* Debug */ = {
			isa = XCBuildConfiguration;
			buildSettings = {
				ALWAYS_SEARCH_USER_PATHS = NO;
				CLANG_ANALYZER_NONNULL = YES;
				CLANG_ANALYZER_NUMBER_OBJECT_CONVERSION = YES_AGGRESSIVE;
				CLANG_CXX_LANGUAGE_STANDARD = "gnu++14";
				CLANG_CXX_LIBRARY = "libc++";
				CLANG_ENABLE_MODULES = YES;
				CLANG_ENABLE_OBJC_ARC = YES;
				CLANG_ENABLE_OBJC_WEAK = YES;
				CLANG_WARN_BLOCK_CAPTURE_AUTORELEASING = YES;
				CLANG_WARN_BOOL_CONVERSION = YES;
				CLANG_WARN_COMMA = YES;
				CLANG_WARN_CONSTANT_CONVERSION = YES;
				CLANG_WARN_DEPRECATED_OBJC_IMPLEMENTATIONS = YES;
				CLANG_WARN_DIRECT_OBJC_ISA_USAGE = YES_ERROR;
				CLANG_WARN_DOCUMENTATION_COMMENTS = YES;
				CLANG_WARN_EMPTY_BODY = YES;
				CLANG_WARN_ENUM_CONVERSION = YES;
				CLANG_WARN_INFINITE_RECURSION = YES;
				CLANG_WARN_INT_CONVERSION = YES;
				CLANG_WARN_NON_LITERAL_NULL_CONVERSION = YES;
				CLANG_WARN_OBJC_IMPLICIT_RETAIN_SELF = YES;
				CLANG_WARN_OBJC_LITERAL_CONVERSION = YES;
				CLANG_WARN_OBJC_ROOT_CLASS = YES_ERROR;
				CLANG_WARN_RANGE_LOOP_ANALYSIS = YES;
				CLANG_WARN_STRICT_PROTOTYPES = YES;
				CLANG_WARN_SUSPICIOUS_MOVE = YES;
				CLANG_WARN_UNGUARDED_AVAILABILITY = YES_AGGRESSIVE;
				CLANG_WARN_UNREACHABLE_CODE = YES;
				CLANG_WARN__DUPLICATE_METHOD_MATCH = YES;
				COPY_PHASE_STRIP = NO;
				DEBUG_INFORMATION_FORMAT = dwarf;
				ENABLE_STRICT_OBJC_MSGSEND = YES;
				ENABLE_TESTABILITY = YES;
				GCC_C_LANGUAGE_STANDARD = gnu11;
				GCC_DYNAMIC_NO_PIC = NO;
				GCC_NO_COMMON_BLOCKS = YES;
				GCC_OPTIMIZATION_LEVEL = 0;
				GCC_PREPROCESSOR_DEFINITIONS = (
					"DEBUG=1",
					"$(inherited)",
				);
				GCC_WARN_64_TO_32_BIT_CONVERSION = YES;
				GCC_WARN_ABOUT_RETURN_TYPE = YES_ERROR;
				GCC_WARN_UNDECLARED_SELECTOR = YES;
				GCC_WARN_UNINITIALIZED_AUTOS = YES_AGGRESSIVE;
				GCC_WARN_UNUSED_FUNCTION = YES;
				GCC_WARN_UNUSED_VARIABLE = YES;
				IPHONEOS_DEPLOYMENT_TARGET = 13.2;
				MTL_ENABLE_DEBUG_INFO = INCLUDE_SOURCE;
				MTL_FAST_MATH = YES;
				ONLY_ACTIVE_ARCH = YES;
				SDKROOT = iphoneos;
				SWIFT_ACTIVE_COMPILATION_CONDITIONS = DEBUG;
				SWIFT_OPTIMIZATION_LEVEL = "-Onone";
			};
			name = Debug;
		};
		7E30859D23EC4EEC00F1BCE4 /* Release */ = {
			isa = XCBuildConfiguration;
			buildSettings = {
				ALWAYS_SEARCH_USER_PATHS = NO;
				CLANG_ANALYZER_NONNULL = YES;
				CLANG_ANALYZER_NUMBER_OBJECT_CONVERSION = YES_AGGRESSIVE;
				CLANG_CXX_LANGUAGE_STANDARD = "gnu++14";
				CLANG_CXX_LIBRARY = "libc++";
				CLANG_ENABLE_MODULES = YES;
				CLANG_ENABLE_OBJC_ARC = YES;
				CLANG_ENABLE_OBJC_WEAK = YES;
				CLANG_WARN_BLOCK_CAPTURE_AUTORELEASING = YES;
				CLANG_WARN_BOOL_CONVERSION = YES;
				CLANG_WARN_COMMA = YES;
				CLANG_WARN_CONSTANT_CONVERSION = YES;
				CLANG_WARN_DEPRECATED_OBJC_IMPLEMENTATIONS = YES;
				CLANG_WARN_DIRECT_OBJC_ISA_USAGE = YES_ERROR;
				CLANG_WARN_DOCUMENTATION_COMMENTS = YES;
				CLANG_WARN_EMPTY_BODY = YES;
				CLANG_WARN_ENUM_CONVERSION = YES;
				CLANG_WARN_INFINITE_RECURSION = YES;
				CLANG_WARN_INT_CONVERSION = YES;
				CLANG_WARN_NON_LITERAL_NULL_CONVERSION = YES;
				CLANG_WARN_OBJC_IMPLICIT_RETAIN_SELF = YES;
				CLANG_WARN_OBJC_LITERAL_CONVERSION = YES;
				CLANG_WARN_OBJC_ROOT_CLASS = YES_ERROR;
				CLANG_WARN_RANGE_LOOP_ANALYSIS = YES;
				CLANG_WARN_STRICT_PROTOTYPES = YES;
				CLANG_WARN_SUSPICIOUS_MOVE = YES;
				CLANG_WARN_UNGUARDED_AVAILABILITY = YES_AGGRESSIVE;
				CLANG_WARN_UNREACHABLE_CODE = YES;
				CLANG_WARN__DUPLICATE_METHOD_MATCH = YES;
				COPY_PHASE_STRIP = NO;
				DEBUG_INFORMATION_FORMAT = "dwarf-with-dsym";
				ENABLE_NS_ASSERTIONS = NO;
				ENABLE_STRICT_OBJC_MSGSEND = YES;
				GCC_C_LANGUAGE_STANDARD = gnu11;
				GCC_NO_COMMON_BLOCKS = YES;
				GCC_WARN_64_TO_32_BIT_CONVERSION = YES;
				GCC_WARN_ABOUT_RETURN_TYPE = YES_ERROR;
				GCC_WARN_UNDECLARED_SELECTOR = YES;
				GCC_WARN_UNINITIALIZED_AUTOS = YES_AGGRESSIVE;
				GCC_WARN_UNUSED_FUNCTION = YES;
				GCC_WARN_UNUSED_VARIABLE = YES;
				IPHONEOS_DEPLOYMENT_TARGET = 13.2;
				MTL_ENABLE_DEBUG_INFO = NO;
				MTL_FAST_MATH = YES;
				SDKROOT = iphoneos;
				SWIFT_COMPILATION_MODE = wholemodule;
				SWIFT_OPTIMIZATION_LEVEL = "-O";
				VALIDATE_PRODUCT = YES;
			};
			name = Release;
		};
		7E30859F23EC4EEC00F1BCE4 /* Debug */ = {
			isa = XCBuildConfiguration;
			buildSettings = {
				ASSETCATALOG_COMPILER_APPICON_NAME = AppIcon;
				CODE_SIGN_STYLE = Automatic;
				DEVELOPMENT_TEAM = 96L2Y94678;
				INFOPLIST_FILE = "MAD Periodic Table/Info.plist";
				LD_RUNPATH_SEARCH_PATHS = (
					"$(inherited)",
					"@executable_path/Frameworks",
				);
				PRODUCT_BUNDLE_IDENTIFIER = "org.district196.MAD-Periodic-Table";
				PRODUCT_NAME = "$(TARGET_NAME)";
				SWIFT_VERSION = 5.0;
				TARGETED_DEVICE_FAMILY = "1,2";
			};
			name = Debug;
		};
		7E3085A023EC4EEC00F1BCE4 /* Release */ = {
			isa = XCBuildConfiguration;
			buildSettings = {
				ASSETCATALOG_COMPILER_APPICON_NAME = AppIcon;
				CODE_SIGN_STYLE = Automatic;
				DEVELOPMENT_TEAM = 96L2Y94678;
				INFOPLIST_FILE = "MAD Periodic Table/Info.plist";
				LD_RUNPATH_SEARCH_PATHS = (
					"$(inherited)",
					"@executable_path/Frameworks",
				);
				PRODUCT_BUNDLE_IDENTIFIER = "org.district196.MAD-Periodic-Table";
				PRODUCT_NAME = "$(TARGET_NAME)";
				SWIFT_VERSION = 5.0;
				TARGETED_DEVICE_FAMILY = "1,2";
			};
			name = Release;
		};
		7E3085A223EC4EEC00F1BCE4 /* Debug */ = {
			isa = XCBuildConfiguration;
			buildSettings = {
				ALWAYS_EMBED_SWIFT_STANDARD_LIBRARIES = YES;
				BUNDLE_LOADER = "$(TEST_HOST)";
				CODE_SIGN_STYLE = Automatic;
				DEVELOPMENT_TEAM = 96L2Y94678;
				INFOPLIST_FILE = "MAD Periodic TableTests/Info.plist";
				IPHONEOS_DEPLOYMENT_TARGET = 13.2;
				LD_RUNPATH_SEARCH_PATHS = (
					"$(inherited)",
					"@executable_path/Frameworks",
					"@loader_path/Frameworks",
				);
				PRODUCT_BUNDLE_IDENTIFIER = "org.district196.MAD-Periodic-TableTests";
				PRODUCT_NAME = "$(TARGET_NAME)";
				SWIFT_VERSION = 5.0;
				TARGETED_DEVICE_FAMILY = "1,2";
				TEST_HOST = "$(BUILT_PRODUCTS_DIR)/MAD Periodic Table.app/MAD Periodic Table";
			};
			name = Debug;
		};
		7E3085A323EC4EEC00F1BCE4 /* Release */ = {
			isa = XCBuildConfiguration;
			buildSettings = {
				ALWAYS_EMBED_SWIFT_STANDARD_LIBRARIES = YES;
				BUNDLE_LOADER = "$(TEST_HOST)";
				CODE_SIGN_STYLE = Automatic;
				DEVELOPMENT_TEAM = 96L2Y94678;
				INFOPLIST_FILE = "MAD Periodic TableTests/Info.plist";
				IPHONEOS_DEPLOYMENT_TARGET = 13.2;
				LD_RUNPATH_SEARCH_PATHS = (
					"$(inherited)",
					"@executable_path/Frameworks",
					"@loader_path/Frameworks",
				);
				PRODUCT_BUNDLE_IDENTIFIER = "org.district196.MAD-Periodic-TableTests";
				PRODUCT_NAME = "$(TARGET_NAME)";
				SWIFT_VERSION = 5.0;
				TARGETED_DEVICE_FAMILY = "1,2";
				TEST_HOST = "$(BUILT_PRODUCTS_DIR)/MAD Periodic Table.app/MAD Periodic Table";
			};
			name = Release;
		};
		7E3085A523EC4EEC00F1BCE4 /* Debug */ = {
			isa = XCBuildConfiguration;
			buildSettings = {
				ALWAYS_EMBED_SWIFT_STANDARD_LIBRARIES = YES;
				CODE_SIGN_STYLE = Automatic;
				DEVELOPMENT_TEAM = 96L2Y94678;
				INFOPLIST_FILE = "MAD Periodic TableUITests/Info.plist";
				LD_RUNPATH_SEARCH_PATHS = (
					"$(inherited)",
					"@executable_path/Frameworks",
					"@loader_path/Frameworks",
				);
				PRODUCT_BUNDLE_IDENTIFIER = "org.district196.MAD-Periodic-TableUITests";
				PRODUCT_NAME = "$(TARGET_NAME)";
				SWIFT_VERSION = 5.0;
				TARGETED_DEVICE_FAMILY = "1,2";
				TEST_TARGET_NAME = "MAD Periodic Table";
			};
			name = Debug;
		};
		7E3085A623EC4EEC00F1BCE4 /* Release */ = {
			isa = XCBuildConfiguration;
			buildSettings = {
				ALWAYS_EMBED_SWIFT_STANDARD_LIBRARIES = YES;
				CODE_SIGN_STYLE = Automatic;
				DEVELOPMENT_TEAM = 96L2Y94678;
				INFOPLIST_FILE = "MAD Periodic TableUITests/Info.plist";
				LD_RUNPATH_SEARCH_PATHS = (
					"$(inherited)",
					"@executable_path/Frameworks",
					"@loader_path/Frameworks",
				);
				PRODUCT_BUNDLE_IDENTIFIER = "org.district196.MAD-Periodic-TableUITests";
				PRODUCT_NAME = "$(TARGET_NAME)";
				SWIFT_VERSION = 5.0;
				TARGETED_DEVICE_FAMILY = "1,2";
				TEST_TARGET_NAME = "MAD Periodic Table";
			};
			name = Release;
		};
/* End XCBuildConfiguration section */

/* Begin XCConfigurationList section */
		7E30856F23EC4EEA00F1BCE4 /* Build configuration list for PBXProject "MAD Periodic Table" */ = {
			isa = XCConfigurationList;
			buildConfigurations = (
				7E30859C23EC4EEC00F1BCE4 /* Debug */,
				7E30859D23EC4EEC00F1BCE4 /* Release */,
			);
			defaultConfigurationIsVisible = 0;
			defaultConfigurationName = Release;
		};
		7E30859E23EC4EEC00F1BCE4 /* Build configuration list for PBXNativeTarget "MAD Periodic Table" */ = {
			isa = XCConfigurationList;
			buildConfigurations = (
				7E30859F23EC4EEC00F1BCE4 /* Debug */,
				7E3085A023EC4EEC00F1BCE4 /* Release */,
			);
			defaultConfigurationIsVisible = 0;
			defaultConfigurationName = Release;
		};
		7E3085A123EC4EEC00F1BCE4 /* Build configuration list for PBXNativeTarget "MAD Periodic TableTests" */ = {
			isa = XCConfigurationList;
			buildConfigurations = (
				7E3085A223EC4EEC00F1BCE4 /* Debug */,
				7E3085A323EC4EEC00F1BCE4 /* Release */,
			);
			defaultConfigurationIsVisible = 0;
			defaultConfigurationName = Release;
		};
		7E3085A423EC4EEC00F1BCE4 /* Build configuration list for PBXNativeTarget "MAD Periodic TableUITests" */ = {
			isa = XCConfigurationList;
			buildConfigurations = (
				7E3085A523EC4EEC00F1BCE4 /* Debug */,
				7E3085A623EC4EEC00F1BCE4 /* Release */,
			);
			defaultConfigurationIsVisible = 0;
			defaultConfigurationName = Release;
		};
/* End XCConfigurationList section */
	};
	rootObject = 7E30856C23EC4EEA00F1BCE4 /* Project object */;
}
